
Microsoft Visual Studio Solution File, Format Version 12.00
# Visual Studio Version 17
VisualStudioVersion = 17.6.33829.357
MinimumVisualStudioVersion = 10.0.40219.1
Project("{FAE04EC0-301F-11D3-BF4B-00C04F79EFBC}") = "CyberGear", "CyberGear.csproj", "{9A58A0BA-E75D-4DA1-A05A-FD61FB7908BB}"
EndProject
Global
	GlobalSection(SolutionConfigurationPlatforms) = preSolution
		Debug|Any CPU = Debug|Any CPU
		Release|Any CPU = Release|Any CPU
	EndGlobalSection
	GlobalSection(ProjectConfigurationPlatforms) = postSolution
		{9A58A0BA-E75D-4DA1-A05A-FD61FB7908BB}.Debug|Any CPU.ActiveCfg = Debug|Any CPU
		{9A58A0BA-E75D-4DA1-A05A-FD61FB7908BB}.Debug|Any CPU.Build.0 = Debug|Any CPU
		{9A58A0BA-E75D-4DA1-A05A-FD61FB7908BB}.Release|Any CPU.ActiveCfg = Release|Any CPU
		{9A58A0BA-E75D-4DA1-A05A-FD61FB7908BB}.Release|Any CPU.Build.0 = Release|Any CPU
	EndGlobalSection
	GlobalSection(SolutionProperties) = preSolution
		HideSolutionNode = FALSE
	EndGlobalSection
	GlobalSection(ExtensibilityGlobals) = postSolution
		SolutionGuid = {E8F637F8-C5D6-49A9-BACB-EA1989EBF2FE}
	EndGlobalSection
EndGlobal
